
Microsoft Visual Studio Solution File, Format Version 12.00
# Visual Studio Version 17
VisualStudioVersion = 17.14.36203.30 d17.14
MinimumVisualStudioVersion = 10.0.40219.1
Project("{FAE04EC0-301F-11D3-BF4B-00C04F79EFBC}") = "SchoolSystemEfCore", "SchoolSystemEfCore\SchoolSystemEfCore.csproj", "{1185F810-D88F-458E-A015-EDE327077B9B}"
EndProject
Global
	GlobalSection(SolutionConfigurationPlatforms) = preSolution
		Debug|Any CPU = Debug|Any CPU
		Release|Any CPU = Release|Any CPU
	EndGlobalSection
	GlobalSection(ProjectConfigurationPlatforms) = postSolution
		{1185F810-D88F-458E-A015-EDE327077B9B}.Debug|Any CPU.ActiveCfg = Debug|Any CPU
		{1185F810-D88F-458E-A015-EDE327077B9B}.Debug|Any CPU.Build.0 = Debug|Any CPU
		{1185F810-D88F-458E-A015-EDE327077B9B}.Release|Any CPU.ActiveCfg = Release|Any CPU
		{1185F810-D88F-458E-A015-EDE327077B9B}.Release|Any CPU.Build.0 = Release|Any CPU
	EndGlobalSection
	GlobalSection(SolutionProperties) = preSolution
		HideSolutionNode = FALSE
	EndGlobalSection
	GlobalSection(ExtensibilityGlobals) = postSolution
		SolutionGuid = {160A7765-7DEC-48A9-B975-180514B9C62C}
	EndGlobalSection
EndGlobal
